
Microsoft Visual Studio Solution File, Format Version 12.00
# Visual Studio Version 16
VisualStudioVersion = 16.0.31025.194
MinimumVisualStudioVersion = 10.0.40219.1
Project("{FAE04EC0-301F-11D3-BF4B-00C04F79EFBC}") = "SocketCliente", "SocketCliente\SocketCliente.csproj", "{004DDE3D-062B-4BD9-B87F-5BE65E581EBD}"
EndProject
Global
	GlobalSection(SolutionConfigurationPlatforms) = preSolution
		Debug|Any CPU = Debug|Any CPU
		Release|Any CPU = Release|Any CPU
	EndGlobalSection
	GlobalSection(ProjectConfigurationPlatforms) = postSolution
		{004DDE3D-062B-4BD9-B87F-5BE65E581EBD}.Debug|Any CPU.ActiveCfg = Debug|Any CPU
		{004DDE3D-062B-4BD9-B87F-5BE65E581EBD}.Debug|Any CPU.Build.0 = Debug|Any CPU
		{004DDE3D-062B-4BD9-B87F-5BE65E581EBD}.Release|Any CPU.ActiveCfg = Release|Any CPU
		{004DDE3D-062B-4BD9-B87F-5BE65E581EBD}.Release|Any CPU.Build.0 = Release|Any CPU
	EndGlobalSection
	GlobalSection(SolutionProperties) = preSolution
		HideSolutionNode = FALSE
	EndGlobalSection
	GlobalSection(ExtensibilityGlobals) = postSolution
		SolutionGuid = {F8FCF455-6593-4184-AB41-475DCE87352B}
	EndGlobalSection
EndGlobal
